
Microsoft Visual Studio Solution File, Format Version 12.00
# Visual Studio 15
VisualStudioVersion = 15.0.26430.14
MinimumVisualStudioVersion = 10.0.40219.1
Project("{FAE04EC0-301F-11D3-BF4B-00C04F79EFBC}") = "binary-tree", "binary-tree.csproj", "{DE999368-675B-40DC-B413-E5D966D3A154}"
EndProject
Global
	GlobalSection(SolutionConfigurationPlatforms) = preSolution
		Debug|Any CPU = Debug|Any CPU
		Release|Any CPU = Release|Any CPU
	EndGlobalSection
	GlobalSection(ProjectConfigurationPlatforms) = postSolution
		{DE999368-675B-40DC-B413-E5D966D3A154}.Debug|Any CPU.ActiveCfg = Debug|Any CPU
		{DE999368-675B-40DC-B413-E5D966D3A154}.Debug|Any CPU.Build.0 = Debug|Any CPU
		{DE999368-675B-40DC-B413-E5D966D3A154}.Release|Any CPU.ActiveCfg = Release|Any CPU
		{DE999368-675B-40DC-B413-E5D966D3A154}.Release|Any CPU.Build.0 = Release|Any CPU
	EndGlobalSection
	GlobalSection(SolutionProperties) = preSolution
		HideSolutionNode = FALSE
	EndGlobalSection
EndGlobal
